// !$*UTF8*$!
{
	archiveVersion = 1;
	classes = {
	};
	objectVersion = 56;
	objects = {

/* Begin PBXBuildFile section */
		7BB51D782C590F6A00F41271 /* AppDelegate.swift in Sources */ = {isa = PBXBuildFile; fileRef = 7BB51D772C590F6A00F41271 /* AppDelegate.swift */; };
		7BB51D7A2C590F6A00F41271 /* SceneDelegate.swift in Sources */ = {isa = PBXBuildFile; fileRef = 7BB51D792C590F6A00F41271 /* SceneDelegate.swift */; };
		7BB51D7C2C590F6A00F41271 /* ViewController.swift in Sources */ = {isa = PBXBuildFile; fileRef = 7BB51D7B2C590F6A00F41271 /* ViewController.swift */; };
		7BB51D7F2C590F6A00F41271 /* Base in Resources */ = {isa = PBXBuildFile; fileRef = 7BB51D7E2C590F6A00F41271 /* Base */; };
		7BB51D812C590F6B00F41271 /* Assets.xcassets in Resources */ = {isa = PBXBuildFile; fileRef = 7BB51D802C590F6B00F41271 /* Assets.xcassets */; };
		7BB51D842C590F6B00F41271 /* Base in Resources */ = {isa = PBXBuildFile; fileRef = 7BB51D832C590F6B00F41271 /* Base */; };
		7BB51D8D2C59109100F41271 /* SnapKit in Frameworks */ = {isa = PBXBuildFile; productRef = 7BB51D8C2C59109100F41271 /* SnapKit */; };
		7BB51D902C5910A500F41271 /* RxCocoa in Frameworks */ = {isa = PBXBuildFile; productRef = 7BB51D8F2C5910A500F41271 /* RxCocoa */; };
		7BB51D922C5910A500F41271 /* RxSwift in Frameworks */ = {isa = PBXBuildFile; productRef = 7BB51D912C5910A500F41271 /* RxSwift */; };
		7BB51D952C5910C400F41271 /* Kingfisher in Frameworks */ = {isa = PBXBuildFile; productRef = 7BB51D942C5910C400F41271 /* Kingfisher */; };
		7BB51D9C2C5912F000F41271 /* NumbersViewController.swift in Sources */ = {isa = PBXBuildFile; fileRef = 7BB51D9B2C5912F000F41271 /* NumbersViewController.swift */; };
		7BB51D9E2C5912FF00F41271 /* SimpleValidationViewController.swift in Sources */ = {isa = PBXBuildFile; fileRef = 7BB51D9D2C5912FF00F41271 /* SimpleValidationViewController.swift */; };
		7BB51DA02C59131800F41271 /* SimpleTableViewController.swift in Sources */ = {isa = PBXBuildFile; fileRef = 7BB51D9F2C59131800F41271 /* SimpleTableViewController.swift */; };
		7BB51DA22C59132900F41271 /* SimplePickerExampleViewController.swift in Sources */ = {isa = PBXBuildFile; fileRef = 7BB51DA12C59132900F41271 /* SimplePickerExampleViewController.swift */; };
		7BB51DA62C594DFF00F41271 /* Alamofire in Frameworks */ = {isa = PBXBuildFile; productRef = 7BB51DA52C594DFF00F41271 /* Alamofire */; };
		7BB51DA82C594E2600F41271 /* Market.swift in Sources */ = {isa = PBXBuildFile; fileRef = 7BB51DA72C594E2600F41271 /* Market.swift */; };
		7BB51DAB2C594E7D00F41271 /* Toast in Frameworks */ = {isa = PBXBuildFile; productRef = 7BB51DAA2C594E7D00F41271 /* Toast */; };
		7BB51DB32C5BBDE700F41271 /* PasswordViewController.swift in Sources */ = {isa = PBXBuildFile; fileRef = 7BB51DB22C5BBDE700F41271 /* PasswordViewController.swift */; };
		7BB51DB62C5BD64C00F41271 /* BorderTextField.swift in Sources */ = {isa = PBXBuildFile; fileRef = 7BB51DB52C5BD64C00F41271 /* BorderTextField.swift */; };
		7BB51DBA2C5BD69500F41271 /* FilledButton.swift in Sources */ = {isa = PBXBuildFile; fileRef = 7BB51DB92C5BD69500F41271 /* FilledButton.swift */; };
		7BB51DBC2C5D1C5100F41271 /* EmailViewController.swift in Sources */ = {isa = PBXBuildFile; fileRef = 7BB51DBB2C5D1C5100F41271 /* EmailViewController.swift */; };
		7BB51DBE2C5D1C6300F41271 /* BirthDayViewController.swift in Sources */ = {isa = PBXBuildFile; fileRef = 7BB51DBD2C5D1C6300F41271 /* BirthDayViewController.swift */; };
		7BB51DC02C5D1C7900F41271 /* LoginViewController.swift in Sources */ = {isa = PBXBuildFile; fileRef = 7BB51DBF2C5D1C7900F41271 /* LoginViewController.swift */; };
		7BB51DC22C5D1D4000F41271 /* UnderlineButton.swift in Sources */ = {isa = PBXBuildFile; fileRef = 7BB51DC12C5D1D4000F41271 /* UnderlineButton.swift */; };
		7BB51DC42C5D21CF00F41271 /* PhoneViewController.swift in Sources */ = {isa = PBXBuildFile; fileRef = 7BB51DC32C5D21CF00F41271 /* PhoneViewController.swift */; };
		7BB51DC72C5F665500F41271 /* UIViewController+.swift in Sources */ = {isa = PBXBuildFile; fileRef = 7BB51DC62C5F665500F41271 /* UIViewController+.swift */; };
/* End PBXBuildFile section */

/* Begin PBXFileReference section */
		7BB51D742C590F6A00F41271 /* RxSwiftBasic.app */ = {isa = PBXFileReference; explicitFileType = wrapper.application; includeInIndex = 0; path = RxSwiftBasic.app; sourceTree = BUILT_PRODUCTS_DIR; };
		7BB51D772C590F6A00F41271 /* AppDelegate.swift */ = {isa = PBXFileReference; lastKnownFileType = sourcecode.swift; path = AppDelegate.swift; sourceTree = "<group>"; };
		7BB51D792C590F6A00F41271 /* SceneDelegate.swift */ = {isa = PBXFileReference; lastKnownFileType = sourcecode.swift; path = SceneDelegate.swift; sourceTree = "<group>"; };
		7BB51D7B2C590F6A00F41271 /* ViewController.swift */ = {isa = PBXFileReference; lastKnownFileType = sourcecode.swift; path = ViewController.swift; sourceTree = "<group>"; };
		7BB51D7E2C590F6A00F41271 /* Base */ = {isa = PBXFileReference; lastKnownFileType = file.storyboard; name = Base; path = Base.lproj/Main.storyboard; sourceTree = "<group>"; };
		7BB51D802C590F6B00F41271 /* Assets.xcassets */ = {isa = PBXFileReference; lastKnownFileType = folder.assetcatalog; path = Assets.xcassets; sourceTree = "<group>"; };
		7BB51D832C590F6B00F41271 /* Base */ = {isa = PBXFileReference; lastKnownFileType = file.storyboard; name = Base; path = Base.lproj/LaunchScreen.storyboard; sourceTree = "<group>"; };
		7BB51D852C590F6B00F41271 /* Info.plist */ = {isa = PBXFileReference; lastKnownFileType = text.plist.xml; path = Info.plist; sourceTree = "<group>"; };
		7BB51D9B2C5912F000F41271 /* NumbersViewController.swift */ = {isa = PBXFileReference; lastKnownFileType = sourcecode.swift; path = NumbersViewController.swift; sourceTree = "<group>"; };
		7BB51D9D2C5912FF00F41271 /* SimpleValidationViewController.swift */ = {isa = PBXFileReference; lastKnownFileType = sourcecode.swift; path = SimpleValidationViewController.swift; sourceTree = "<group>"; };
		7BB51D9F2C59131800F41271 /* SimpleTableViewController.swift */ = {isa = PBXFileReference; lastKnownFileType = sourcecode.swift; path = SimpleTableViewController.swift; sourceTree = "<group>"; };
		7BB51DA12C59132900F41271 /* SimplePickerExampleViewController.swift */ = {isa = PBXFileReference; lastKnownFileType = sourcecode.swift; path = SimplePickerExampleViewController.swift; sourceTree = "<group>"; };
		7BB51DA72C594E2600F41271 /* Market.swift */ = {isa = PBXFileReference; fileEncoding = 4; lastKnownFileType = sourcecode.swift; path = Market.swift; sourceTree = "<group>"; };
		7BB51DB22C5BBDE700F41271 /* PasswordViewController.swift */ = {isa = PBXFileReference; lastKnownFileType = sourcecode.swift; path = PasswordViewController.swift; sourceTree = "<group>"; };
		7BB51DB52C5BD64C00F41271 /* BorderTextField.swift */ = {isa = PBXFileReference; lastKnownFileType = sourcecode.swift; path = BorderTextField.swift; sourceTree = "<group>"; };
		7BB51DB92C5BD69500F41271 /* FilledButton.swift */ = {isa = PBXFileReference; lastKnownFileType = sourcecode.swift; path = FilledButton.swift; sourceTree = "<group>"; };
		7BB51DBB2C5D1C5100F41271 /* EmailViewController.swift */ = {isa = PBXFileReference; lastKnownFileType = sourcecode.swift; path = EmailViewController.swift; sourceTree = "<group>"; };
		7BB51DBD2C5D1C6300F41271 /* BirthDayViewController.swift */ = {isa = PBXFileReference; lastKnownFileType = sourcecode.swift; path = BirthDayViewController.swift; sourceTree = "<group>"; };
		7BB51DBF2C5D1C7900F41271 /* LoginViewController.swift */ = {isa = PBXFileReference; lastKnownFileType = sourcecode.swift; path = LoginViewController.swift; sourceTree = "<group>"; };
		7BB51DC12C5D1D4000F41271 /* UnderlineButton.swift */ = {isa = PBXFileReference; lastKnownFileType = sourcecode.swift; path = UnderlineButton.swift; sourceTree = "<group>"; };
		7BB51DC32C5D21CF00F41271 /* PhoneViewController.swift */ = {isa = PBXFileReference; lastKnownFileType = sourcecode.swift; path = PhoneViewController.swift; sourceTree = "<group>"; };
		7BB51DC62C5F665500F41271 /* UIViewController+.swift */ = {isa = PBXFileReference; lastKnownFileType = sourcecode.swift; path = "UIViewController+.swift"; sourceTree = "<group>"; };
/* End PBXFileReference section */

/* Begin PBXFrameworksBuildPhase section */
		7BB51D712C590F6A00F41271 /* Frameworks */ = {
			isa = PBXFrameworksBuildPhase;
			buildActionMask = 2147483647;
			files = (
				7BB51DAB2C594E7D00F41271 /* Toast in Frameworks */,
				7BB51DA62C594DFF00F41271 /* Alamofire in Frameworks */,
				7BB51D952C5910C400F41271 /* Kingfisher in Frameworks */,
				7BB51D922C5910A500F41271 /* RxSwift in Frameworks */,
				7BB51D902C5910A500F41271 /* RxCocoa in Frameworks */,
				7BB51D8D2C59109100F41271 /* SnapKit in Frameworks */,
			);
			runOnlyForDeploymentPostprocessing = 0;
		};
/* End PBXFrameworksBuildPhase section */

/* Begin PBXGroup section */
		7BB51D6B2C590F6A00F41271 = {
			isa = PBXGroup;
			children = (
				7BB51D762C590F6A00F41271 /* RxSwiftBasic */,
				7BB51D752C590F6A00F41271 /* Products */,
			);
			sourceTree = "<group>";
		};
		7BB51D752C590F6A00F41271 /* Products */ = {
			isa = PBXGroup;
			children = (
				7BB51D742C590F6A00F41271 /* RxSwiftBasic.app */,
			);
			name = Products;
			sourceTree = "<group>";
		};
		7BB51D762C590F6A00F41271 /* RxSwiftBasic */ = {
			isa = PBXGroup;
			children = (
				7BB51DB12C5BBDB400F41271 /* Threads_Start */,
				7BB51DB02C5BBD9200F41271 /* Basic */,
				7BB51D772C590F6A00F41271 /* AppDelegate.swift */,
				7BB51D792C590F6A00F41271 /* SceneDelegate.swift */,
				7BB51DC52C5F664C00F41271 /* Extension */,
				7BB51D7D2C590F6A00F41271 /* Main.storyboard */,
				7BB51D802C590F6B00F41271 /* Assets.xcassets */,
				7BB51D822C590F6B00F41271 /* LaunchScreen.storyboard */,
				7BB51D852C590F6B00F41271 /* Info.plist */,
			);
			path = RxSwiftBasic;
			sourceTree = "<group>";
		};
		7BB51DB02C5BBD9200F41271 /* Basic */ = {
			isa = PBXGroup;
			children = (
				7BB51D7B2C590F6A00F41271 /* ViewController.swift */,
				7BB51D9B2C5912F000F41271 /* NumbersViewController.swift */,
				7BB51D9D2C5912FF00F41271 /* SimpleValidationViewController.swift */,
				7BB51DA72C594E2600F41271 /* Market.swift */,
				7BB51D9F2C59131800F41271 /* SimpleTableViewController.swift */,
				7BB51DA12C59132900F41271 /* SimplePickerExampleViewController.swift */,
			);
			path = Basic;
			sourceTree = "<group>";
		};
		7BB51DB12C5BBDB400F41271 /* Threads_Start */ = {
			isa = PBXGroup;
			children = (
				7BB51DB42C5BD61D00F41271 /* CustomView */,
				7BB51DBF2C5D1C7900F41271 /* LoginViewController.swift */,
				7BB51DBB2C5D1C5100F41271 /* EmailViewController.swift */,
				7BB51DB22C5BBDE700F41271 /* PasswordViewController.swift */,
				7BB51DC32C5D21CF00F41271 /* PhoneViewController.swift */,
				7BB51DBD2C5D1C6300F41271 /* BirthDayViewController.swift */,
			);
			path = Threads_Start;
			sourceTree = "<group>";
		};
		7BB51DB42C5BD61D00F41271 /* CustomView */ = {
			isa = PBXGroup;
			children = (
				7BB51DB52C5BD64C00F41271 /* BorderTextField.swift */,
				7BB51DB92C5BD69500F41271 /* FilledButton.swift */,
				7BB51DC12C5D1D4000F41271 /* UnderlineButton.swift */,
			);
			path = CustomView;
			sourceTree = "<group>";
		};
		7BB51DC52C5F664C00F41271 /* Extension */ = {
			isa = PBXGroup;
			children = (
				7BB51DC62C5F665500F41271 /* UIViewController+.swift */,
			);
			path = Extension;
			sourceTree = "<group>";
		};
/* End PBXGroup section */

/* Begin PBXNativeTarget section */
		7BB51D732C590F6A00F41271 /* RxSwiftBasic */ = {
			isa = PBXNativeTarget;
			buildConfigurationList = 7BB51D882C590F6B00F41271 /* Build configuration list for PBXNativeTarget "RxSwiftBasic" */;
			buildPhases = (
				7BB51D702C590F6A00F41271 /* Sources */,
				7BB51D712C590F6A00F41271 /* Frameworks */,
				7BB51D722C590F6A00F41271 /* Resources */,
			);
			buildRules = (
			);
			dependencies = (
			);
			name = RxSwiftBasic;
			packageProductDependencies = (
				7BB51D8C2C59109100F41271 /* SnapKit */,
				7BB51D8F2C5910A500F41271 /* RxCocoa */,
				7BB51D912C5910A500F41271 /* RxSwift */,
				7BB51D942C5910C400F41271 /* Kingfisher */,
				7BB51DA52C594DFF00F41271 /* Alamofire */,
				7BB51DAA2C594E7D00F41271 /* Toast */,
			);
			productName = RxSwiftBasic;
			productReference = 7BB51D742C590F6A00F41271 /* RxSwiftBasic.app */;
			productType = "com.apple.product-type.application";
		};
/* End PBXNativeTarget section */

/* Begin PBXProject section */
		7BB51D6C2C590F6A00F41271 /* Project object */ = {
			isa = PBXProject;
			attributes = {
				BuildIndependentTargetsInParallel = 1;
				LastSwiftUpdateCheck = 1540;
				LastUpgradeCheck = 1540;
				TargetAttributes = {
					7BB51D732C590F6A00F41271 = {
						CreatedOnToolsVersion = 15.4;
					};
				};
			};
			buildConfigurationList = 7BB51D6F2C590F6A00F41271 /* Build configuration list for PBXProject "RxSwiftBasic" */;
			compatibilityVersion = "Xcode 14.0";
			developmentRegion = en;
			hasScannedForEncodings = 0;
			knownRegions = (
				en,
				Base,
			);
			mainGroup = 7BB51D6B2C590F6A00F41271;
			packageReferences = (
				7BB51D8B2C59109100F41271 /* XCRemoteSwiftPackageReference "SnapKit" */,
				7BB51D8E2C5910A500F41271 /* XCRemoteSwiftPackageReference "RxSwift" */,
				7BB51D932C5910C400F41271 /* XCRemoteSwiftPackageReference "Kingfisher" */,
				7BB51DA42C594DFF00F41271 /* XCRemoteSwiftPackageReference "Alamofire" */,
				7BB51DA92C594E7D00F41271 /* XCRemoteSwiftPackageReference "Toast-Swift" */,
			);
			productRefGroup = 7BB51D752C590F6A00F41271 /* Products */;
			projectDirPath = "";
			projectRoot = "";
			targets = (
				7BB51D732C590F6A00F41271 /* RxSwiftBasic */,
			);
		};
/* End PBXProject section */

/* Begin PBXResourcesBuildPhase section */
		7BB51D722C590F6A00F41271 /* Resources */ = {
			isa = PBXResourcesBuildPhase;
			buildActionMask = 2147483647;
			files = (
				7BB51D812C590F6B00F41271 /* Assets.xcassets in Resources */,
				7BB51D842C590F6B00F41271 /* Base in Resources */,
				7BB51D7F2C590F6A00F41271 /* Base in Resources */,
			);
			runOnlyForDeploymentPostprocessing = 0;
		};
/* End PBXResourcesBuildPhase section */

/* Begin PBXSourcesBuildPhase section */
		7BB51D702C590F6A00F41271 /* Sources */ = {
			isa = PBXSourcesBuildPhase;
			buildActionMask = 2147483647;
			files = (
				7BB51DC02C5D1C7900F41271 /* LoginViewController.swift in Sources */,
				7BB51D7C2C590F6A00F41271 /* ViewController.swift in Sources */,
				7BB51DC22C5D1D4000F41271 /* UnderlineButton.swift in Sources */,
				7BB51D9C2C5912F000F41271 /* NumbersViewController.swift in Sources */,
				7BB51D782C590F6A00F41271 /* AppDelegate.swift in Sources */,
				7BB51DB62C5BD64C00F41271 /* BorderTextField.swift in Sources */,
				7BB51DC72C5F665500F41271 /* UIViewController+.swift in Sources */,
				7BB51DBE2C5D1C6300F41271 /* BirthDayViewController.swift in Sources */,
				7BB51DA82C594E2600F41271 /* Market.swift in Sources */,
				7BB51DA22C59132900F41271 /* SimplePickerExampleViewController.swift in Sources */,
				7BB51DA02C59131800F41271 /* SimpleTableViewController.swift in Sources */,
				7BB51DBC2C5D1C5100F41271 /* EmailViewController.swift in Sources */,
				7BB51DBA2C5BD69500F41271 /* FilledButton.swift in Sources */,
				7BB51D7A2C590F6A00F41271 /* SceneDelegate.swift in Sources */,
				7BB51DC42C5D21CF00F41271 /* PhoneViewController.swift in Sources */,
				7BB51D9E2C5912FF00F41271 /* SimpleValidationViewController.swift in Sources */,
				7BB51DB32C5BBDE700F41271 /* PasswordViewController.swift in Sources */,
			);
			runOnlyForDeploymentPostprocessing = 0;
		};
/* End PBXSourcesBuildPhase section */

/* Begin PBXVariantGroup section */
		7BB51D7D2C590F6A00F41271 /* Main.storyboard */ = {
			isa = PBXVariantGroup;
			children = (
				7BB51D7E2C590F6A00F41271 /* Base */,
			);
			name = Main.storyboard;
			sourceTree = "<group>";
		};
		7BB51D822C590F6B00F41271 /* LaunchScreen.storyboard */ = {
			isa = PBXVariantGroup;
			children = (
				7BB51D832C590F6B00F41271 /* Base */,
			);
			name = LaunchScreen.storyboard;
			sourceTree = "<group>";
		};
/* End PBXVariantGroup section */

/* Begin XCBuildConfiguration section */
		7BB51D862C590F6B00F41271 /* Debug */ = {
			isa = XCBuildConfiguration;
			buildSettings = {
				ALWAYS_SEARCH_USER_PATHS = NO;
				ASSETCATALOG_COMPILER_GENERATE_SWIFT_ASSET_SYMBOL_EXTENSIONS = YES;
				CLANG_ANALYZER_NONNULL = YES;
				CLANG_ANALYZER_NUMBER_OBJECT_CONVERSION = YES_AGGRESSIVE;
				CLANG_CXX_LANGUAGE_STANDARD = "gnu++20";
				CLANG_ENABLE_MODULES = YES;
				CLANG_ENABLE_OBJC_ARC = YES;
				CLANG_ENABLE_OBJC_WEAK = YES;
				CLANG_WARN_BLOCK_CAPTURE_AUTORELEASING = YES;
				CLANG_WARN_BOOL_CONVERSION = YES;
				CLANG_WARN_COMMA = YES;
				CLANG_WARN_CONSTANT_CONVERSION = YES;
				CLANG_WARN_DEPRECATED_OBJC_IMPLEMENTATIONS = YES;
				CLANG_WARN_DIRECT_OBJC_ISA_USAGE = YES_ERROR;
				CLANG_WARN_DOCUMENTATION_COMMENTS = YES;
				CLANG_WARN_EMPTY_BODY = YES;
				CLANG_WARN_ENUM_CONVERSION = YES;
				CLANG_WARN_INFINITE_RECURSION = YES;
				CLANG_WARN_INT_CONVERSION = YES;
				CLANG_WARN_NON_LITERAL_NULL_CONVERSION = YES;
				CLANG_WARN_OBJC_IMPLICIT_RETAIN_SELF = YES;
				CLANG_WARN_OBJC_LITERAL_CONVERSION = YES;
				CLANG_WARN_OBJC_ROOT_CLASS = YES_ERROR;
				CLANG_WARN_QUOTED_INCLUDE_IN_FRAMEWORK_HEADER = YES;
				CLANG_WARN_RANGE_LOOP_ANALYSIS = YES;
				CLANG_WARN_STRICT_PROTOTYPES = YES;
				CLANG_WARN_SUSPICIOUS_MOVE = YES;
				CLANG_WARN_UNGUARDED_AVAILABILITY = YES_AGGRESSIVE;
				CLANG_WARN_UNREACHABLE_CODE = YES;
				CLANG_WARN__DUPLICATE_METHOD_MATCH = YES;
				COPY_PHASE_STRIP = NO;
				DEBUG_INFORMATION_FORMAT = dwarf;
				ENABLE_STRICT_OBJC_MSGSEND = YES;
				ENABLE_TESTABILITY = YES;
				ENABLE_USER_SCRIPT_SANDBOXING = YES;
				GCC_C_LANGUAGE_STANDARD = gnu17;
				GCC_DYNAMIC_NO_PIC = NO;
				GCC_NO_COMMON_BLOCKS = YES;
				GCC_OPTIMIZATION_LEVEL = 0;
				GCC_PREPROCESSOR_DEFINITIONS = (
					"DEBUG=1",
					"$(inherited)",
				);
				GCC_WARN_64_TO_32_BIT_CONVERSION = YES;
				GCC_WARN_ABOUT_RETURN_TYPE = YES_ERROR;
				GCC_WARN_UNDECLARED_SELECTOR = YES;
				GCC_WARN_UNINITIALIZED_AUTOS = YES_AGGRESSIVE;
				GCC_WARN_UNUSED_FUNCTION = YES;
				GCC_WARN_UNUSED_VARIABLE = YES;
				IPHONEOS_DEPLOYMENT_TARGET = 17.5;
				LOCALIZATION_PREFERS_STRING_CATALOGS = YES;
				MTL_ENABLE_DEBUG_INFO = INCLUDE_SOURCE;
				MTL_FAST_MATH = YES;
				ONLY_ACTIVE_ARCH = YES;
				SDKROOT = iphoneos;
				SWIFT_ACTIVE_COMPILATION_CONDITIONS = "DEBUG $(inherited)";
				SWIFT_OPTIMIZATION_LEVEL = "-Onone";
			};
			name = Debug;
		};
		7BB51D872C590F6B00F41271 /* Release */ = {
			isa = XCBuildConfiguration;
			buildSettings = {
				ALWAYS_SEARCH_USER_PATHS = NO;
				ASSETCATALOG_COMPILER_GENERATE_SWIFT_ASSET_SYMBOL_EXTENSIONS = YES;
				CLANG_ANALYZER_NONNULL = YES;
				CLANG_ANALYZER_NUMBER_OBJECT_CONVERSION = YES_AGGRESSIVE;
				CLANG_CXX_LANGUAGE_STANDARD = "gnu++20";
				CLANG_ENABLE_MODULES = YES;
				CLANG_ENABLE_OBJC_ARC = YES;
				CLANG_ENABLE_OBJC_WEAK = YES;
				CLANG_WARN_BLOCK_CAPTURE_AUTORELEASING = YES;
				CLANG_WARN_BOOL_CONVERSION = YES;
				CLANG_WARN_COMMA = YES;
				CLANG_WARN_CONSTANT_CONVERSION = YES;
				CLANG_WARN_DEPRECATED_OBJC_IMPLEMENTATIONS = YES;
				CLANG_WARN_DIRECT_OBJC_ISA_USAGE = YES_ERROR;
				CLANG_WARN_DOCUMENTATION_COMMENTS = YES;
				CLANG_WARN_EMPTY_BODY = YES;
				CLANG_WARN_ENUM_CONVERSION = YES;
				CLANG_WARN_INFINITE_RECURSION = YES;
				CLANG_WARN_INT_CONVERSION = YES;
				CLANG_WARN_NON_LITERAL_NULL_CONVERSION = YES;
				CLANG_WARN_OBJC_IMPLICIT_RETAIN_SELF = YES;
				CLANG_WARN_OBJC_LITERAL_CONVERSION = YES;
				CLANG_WARN_OBJC_ROOT_CLASS = YES_ERROR;
				CLANG_WARN_QUOTED_INCLUDE_IN_FRAMEWORK_HEADER = YES;
				CLANG_WARN_RANGE_LOOP_ANALYSIS = YES;
				CLANG_WARN_STRICT_PROTOTYPES = YES;
				CLANG_WARN_SUSPICIOUS_MOVE = YES;
				CLANG_WARN_UNGUARDED_AVAILABILITY = YES_AGGRESSIVE;
				CLANG_WARN_UNREACHABLE_CODE = YES;
				CLANG_WARN__DUPLICATE_METHOD_MATCH = YES;
				COPY_PHASE_STRIP = NO;
				DEBUG_INFORMATION_FORMAT = "dwarf-with-dsym";
				ENABLE_NS_ASSERTIONS = NO;
				ENABLE_STRICT_OBJC_MSGSEND = YES;
				ENABLE_USER_SCRIPT_SANDBOXING = YES;
				GCC_C_LANGUAGE_STANDARD = gnu17;
				GCC_NO_COMMON_BLOCKS = YES;
				GCC_WARN_64_TO_32_BIT_CONVERSION = YES;
				GCC_WARN_ABOUT_RETURN_TYPE = YES_ERROR;
				GCC_WARN_UNDECLARED_SELECTOR = YES;
				GCC_WARN_UNINITIALIZED_AUTOS = YES_AGGRESSIVE;
				GCC_WARN_UNUSED_FUNCTION = YES;
				GCC_WARN_UNUSED_VARIABLE = YES;
				IPHONEOS_DEPLOYMENT_TARGET = 17.5;
				LOCALIZATION_PREFERS_STRING_CATALOGS = YES;
				MTL_ENABLE_DEBUG_INFO = NO;
				MTL_FAST_MATH = YES;
				SDKROOT = iphoneos;
				SWIFT_COMPILATION_MODE = wholemodule;
				VALIDATE_PRODUCT = YES;
			};
			name = Release;
		};
		7BB51D892C590F6B00F41271 /* Debug */ = {
			isa = XCBuildConfiguration;
			buildSettings = {
				ASSETCATALOG_COMPILER_APPICON_NAME = AppIcon;
				ASSETCATALOG_COMPILER_GLOBAL_ACCENT_COLOR_NAME = AccentColor;
				CODE_SIGN_STYLE = Automatic;
				CURRENT_PROJECT_VERSION = 1;
				DEVELOPMENT_TEAM = T62JF6T7Q4;
				GENERATE_INFOPLIST_FILE = YES;
				INFOPLIST_FILE = RxSwiftBasic/Info.plist;
				INFOPLIST_KEY_UIApplicationSupportsIndirectInputEvents = YES;
				INFOPLIST_KEY_UILaunchStoryboardName = LaunchScreen;
				INFOPLIST_KEY_UIMainStoryboardFile = Main;
				INFOPLIST_KEY_UISupportedInterfaceOrientations_iPad = "UIInterfaceOrientationPortrait UIInterfaceOrientationPortraitUpsideDown UIInterfaceOrientationLandscapeLeft UIInterfaceOrientationLandscapeRight";
				INFOPLIST_KEY_UISupportedInterfaceOrientations_iPhone = "UIInterfaceOrientationPortrait UIInterfaceOrientationLandscapeLeft UIInterfaceOrientationLandscapeRight";
				LD_RUNPATH_SEARCH_PATHS = (
					"$(inherited)",
					"@executable_path/Frameworks",
				);
				MARKETING_VERSION = 1.0;
				PRODUCT_BUNDLE_IDENTIFIER = kr.co.kmj.RxSwiftBasic;
				PRODUCT_NAME = "$(TARGET_NAME)";
				SWIFT_EMIT_LOC_STRINGS = YES;
				SWIFT_VERSION = 5.0;
				TARGETED_DEVICE_FAMILY = "1,2";
			};
			name = Debug;
		};
		7BB51D8A2C590F6B00F41271 /* Release */ = {
			isa = XCBuildConfiguration;
			buildSettings = {
				ASSETCATALOG_COMPILER_APPICON_NAME = AppIcon;
				ASSETCATALOG_COMPILER_GLOBAL_ACCENT_COLOR_NAME = AccentColor;
				CODE_SIGN_STYLE = Automatic;
				CURRENT_PROJECT_VERSION = 1;
				DEVELOPMENT_TEAM = T62JF6T7Q4;
				GENERATE_INFOPLIST_FILE = YES;
				INFOPLIST_FILE = RxSwiftBasic/Info.plist;
				INFOPLIST_KEY_UIApplicationSupportsIndirectInputEvents = YES;
				INFOPLIST_KEY_UILaunchStoryboardName = LaunchScreen;
				INFOPLIST_KEY_UIMainStoryboardFile = Main;
				INFOPLIST_KEY_UISupportedInterfaceOrientations_iPad = "UIInterfaceOrientationPortrait UIInterfaceOrientationPortraitUpsideDown UIInterfaceOrientationLandscapeLeft UIInterfaceOrientationLandscapeRight";
				INFOPLIST_KEY_UISupportedInterfaceOrientations_iPhone = "UIInterfaceOrientationPortrait UIInterfaceOrientationLandscapeLeft UIInterfaceOrientationLandscapeRight";
				LD_RUNPATH_SEARCH_PATHS = (
					"$(inherited)",
					"@executable_path/Frameworks",
				);
				MARKETING_VERSION = 1.0;
				PRODUCT_BUNDLE_IDENTIFIER = kr.co.kmj.RxSwiftBasic;
				PRODUCT_NAME = "$(TARGET_NAME)";
				SWIFT_EMIT_LOC_STRINGS = YES;
				SWIFT_VERSION = 5.0;
				TARGETED_DEVICE_FAMILY = "1,2";
			};
			name = Release;
		};
/* End XCBuildConfiguration section */

/* Begin XCConfigurationList section */
		7BB51D6F2C590F6A00F41271 /* Build configuration list for PBXProject "RxSwiftBasic" */ = {
			isa = XCConfigurationList;
			buildConfigurations = (
				7BB51D862C590F6B00F41271 /* Debug */,
				7BB51D872C590F6B00F41271 /* Release */,
			);
			defaultConfigurationIsVisible = 0;
			defaultConfigurationName = Release;
		};
		7BB51D882C590F6B00F41271 /* Build configuration list for PBXNativeTarget "RxSwiftBasic" */ = {
			isa = XCConfigurationList;
			buildConfigurations = (
				7BB51D892C590F6B00F41271 /* Debug */,
				7BB51D8A2C590F6B00F41271 /* Release */,
			);
			defaultConfigurationIsVisible = 0;
			defaultConfigurationName = Release;
		};
/* End XCConfigurationList section */

/* Begin XCRemoteSwiftPackageReference section */
		7BB51D8B2C59109100F41271 /* XCRemoteSwiftPackageReference "SnapKit" */ = {
			isa = XCRemoteSwiftPackageReference;
			repositoryURL = "https://github.com/SnapKit/SnapKit.git";
			requirement = {
				kind = upToNextMajorVersion;
				minimumVersion = 5.7.1;
			};
		};
		7BB51D8E2C5910A500F41271 /* XCRemoteSwiftPackageReference "RxSwift" */ = {
			isa = XCRemoteSwiftPackageReference;
			repositoryURL = "https://github.com/ReactiveX/RxSwift.git";
			requirement = {
				kind = upToNextMajorVersion;
				minimumVersion = 6.7.1;
			};
		};
		7BB51D932C5910C400F41271 /* XCRemoteSwiftPackageReference "Kingfisher" */ = {
			isa = XCRemoteSwiftPackageReference;
			repositoryURL = "https://github.com/onevcat/Kingfisher.git";
			requirement = {
				kind = upToNextMajorVersion;
				minimumVersion = 7.12.0;
			};
		};
		7BB51DA42C594DFF00F41271 /* XCRemoteSwiftPackageReference "Alamofire" */ = {
			isa = XCRemoteSwiftPackageReference;
			repositoryURL = "https://github.com/Alamofire/Alamofire.git";
			requirement = {
				kind = upToNextMajorVersion;
				minimumVersion = 5.9.1;
			};
		};
		7BB51DA92C594E7D00F41271 /* XCRemoteSwiftPackageReference "Toast-Swift" */ = {
			isa = XCRemoteSwiftPackageReference;
			repositoryURL = "https://github.com/scalessec/Toast-Swift.git";
			requirement = {
				kind = upToNextMajorVersion;
				minimumVersion = 5.1.1;
			};
		};
/* End XCRemoteSwiftPackageReference section */

/* Begin XCSwiftPackageProductDependency section */
		7BB51D8C2C59109100F41271 /* SnapKit */ = {
			isa = XCSwiftPackageProductDependency;
			package = 7BB51D8B2C59109100F41271 /* XCRemoteSwiftPackageReference "SnapKit" */;
			productName = SnapKit;
		};
		7BB51D8F2C5910A500F41271 /* RxCocoa */ = {
			isa = XCSwiftPackageProductDependency;
			package = 7BB51D8E2C5910A500F41271 /* XCRemoteSwiftPackageReference "RxSwift" */;
			productName = RxCocoa;
		};
		7BB51D912C5910A500F41271 /* RxSwift */ = {
			isa = XCSwiftPackageProductDependency;
			package = 7BB51D8E2C5910A500F41271 /* XCRemoteSwiftPackageReference "RxSwift" */;
			productName = RxSwift;
		};
		7BB51D942C5910C400F41271 /* Kingfisher */ = {
			isa = XCSwiftPackageProductDependency;
			package = 7BB51D932C5910C400F41271 /* XCRemoteSwiftPackageReference "Kingfisher" */;
			productName = Kingfisher;
		};
		7BB51DA52C594DFF00F41271 /* Alamofire */ = {
			isa = XCSwiftPackageProductDependency;
			package = 7BB51DA42C594DFF00F41271 /* XCRemoteSwiftPackageReference "Alamofire" */;
			productName = Alamofire;
		};
		7BB51DAA2C594E7D00F41271 /* Toast */ = {
			isa = XCSwiftPackageProductDependency;
			package = 7BB51DA92C594E7D00F41271 /* XCRemoteSwiftPackageReference "Toast-Swift" */;
			productName = Toast;
		};
/* End XCSwiftPackageProductDependency section */
	};
	rootObject = 7BB51D6C2C590F6A00F41271 /* Project object */;
}
